
Microsoft Visual Studio Solution File, Format Version 12.00
# Visual Studio 14
VisualStudioVersion = 14.0.25420.1
MinimumVisualStudioVersion = 10.0.40219.1
Project("{FAE04EC0-301F-11D3-BF4B-00C04F79EFBC}") = "MenuPrincipal", "MenuPrincipal\MenuPrincipal.csproj", "{5A6F6408-0605-4157-93B2-4D510CF7DF16}"
EndProject
Project("{FAE04EC0-301F-11D3-BF4B-00C04F79EFBC}") = "Entidades", "Entidades\Entidades.csproj", "{0EEC93B5-80FA-459A-8608-82FC190DF3EA}"
EndProject
Project("{FAE04EC0-301F-11D3-BF4B-00C04F79EFBC}") = "DAL", "DAL\DAL.csproj", "{008339BB-41C4-40C9-81D3-5752E9C5598A}"
EndProject
Project("{FAE04EC0-301F-11D3-BF4B-00C04F79EFBC}") = "BLL", "BLL\BLL.csproj", "{96149526-7816-4537-9E36-5C641D317D38}"
EndProject
Project("{FAE04EC0-301F-11D3-BF4B-00C04F79EFBC}") = "BLLTests", "BLLTests\BLLTests.csproj", "{83477CF0-A154-4BBC-A6F0-F60ACE40CC3E}"
EndProject
Global
	GlobalSection(SolutionConfigurationPlatforms) = preSolution
		Debug|Any CPU = Debug|Any CPU
		Release|Any CPU = Release|Any CPU
	EndGlobalSection
	GlobalSection(ProjectConfigurationPlatforms) = postSolution
		{5A6F6408-0605-4157-93B2-4D510CF7DF16}.Debug|Any CPU.ActiveCfg = Debug|Any CPU
		{5A6F6408-0605-4157-93B2-4D510CF7DF16}.Debug|Any CPU.Build.0 = Debug|Any CPU
		{5A6F6408-0605-4157-93B2-4D510CF7DF16}.Release|Any CPU.ActiveCfg = Release|Any CPU
		{5A6F6408-0605-4157-93B2-4D510CF7DF16}.Release|Any CPU.Build.0 = Release|Any CPU
		{0EEC93B5-80FA-459A-8608-82FC190DF3EA}.Debug|Any CPU.ActiveCfg = Debug|Any CPU
		{0EEC93B5-80FA-459A-8608-82FC190DF3EA}.Debug|Any CPU.Build.0 = Debug|Any CPU
		{0EEC93B5-80FA-459A-8608-82FC190DF3EA}.Release|Any CPU.ActiveCfg = Release|Any CPU
		{0EEC93B5-80FA-459A-8608-82FC190DF3EA}.Release|Any CPU.Build.0 = Release|Any CPU
		{008339BB-41C4-40C9-81D3-5752E9C5598A}.Debug|Any CPU.ActiveCfg = Debug|Any CPU
		{008339BB-41C4-40C9-81D3-5752E9C5598A}.Debug|Any CPU.Build.0 = Debug|Any CPU
		{008339BB-41C4-40C9-81D3-5752E9C5598A}.Release|Any CPU.ActiveCfg = Release|Any CPU
		{008339BB-41C4-40C9-81D3-5752E9C5598A}.Release|Any CPU.Build.0 = Release|Any CPU
		{96149526-7816-4537-9E36-5C641D317D38}.Debug|Any CPU.ActiveCfg = Debug|Any CPU
		{96149526-7816-4537-9E36-5C641D317D38}.Debug|Any CPU.Build.0 = Debug|Any CPU
		{96149526-7816-4537-9E36-5C641D317D38}.Release|Any CPU.ActiveCfg = Release|Any CPU
		{96149526-7816-4537-9E36-5C641D317D38}.Release|Any CPU.Build.0 = Release|Any CPU
		{83477CF0-A154-4BBC-A6F0-F60ACE40CC3E}.Debug|Any CPU.ActiveCfg = Debug|Any CPU
		{83477CF0-A154-4BBC-A6F0-F60ACE40CC3E}.Debug|Any CPU.Build.0 = Debug|Any CPU
		{83477CF0-A154-4BBC-A6F0-F60ACE40CC3E}.Release|Any CPU.ActiveCfg = Release|Any CPU
		{83477CF0-A154-4BBC-A6F0-F60ACE40CC3E}.Release|Any CPU.Build.0 = Release|Any CPU
	EndGlobalSection
	GlobalSection(SolutionProperties) = preSolution
		HideSolutionNode = FALSE
	EndGlobalSection
EndGlobal
